PODS:
  - Alamofire (4.7.2)
  - DateToolsSwift (4.0.0)
  - Realm (3.7.1):
    - Realm/Headers (= 3.7.1)
  - Realm/Headers (3.7.1)
  - RealmSwift (3.7.1):
    - Realm (= 3.7.1)
  - RxSwift (4.1.2)
  - SVProgressHUD (2.2.5)

DEPENDENCIES:
  - Alamofire
  - DateToolsSwift
  - RealmSwift
  - RxSwift
  - SVProgressHUD

SPEC REPOS:
  https://github.com/cocoapods/specs.git:
    - Alamofire
    - DateToolsSwift
    - Realm
    - RealmSwift
    - RxSwift
    - SVProgressHUD

SPEC CHECKSUMS:
  Alamofire: e4fa87002c137ba2d8d634d2c51fabcda0d5c223
  DateToolsSwift: 875d97ff9e3a5d54abdd67a269b3f51c757b71ab
  Realm: 906be37d52f17f25484ac01643a7f26a9d3bfbd5
  RealmSwift: 1c2b6bae3dc55bb87e080ffa96537d71442f6dce
  RxSwift: e49536837d9901277638493ea537394d4b55f570
  SVProgressHUD: 1428aafac632c1f86f62aa4243ec12008d7a51d6

PODFILE CHECKSUM: 1e852e9df767aa7d33cb400d76e46e61c9cc0945

COCOAPODS: 1.5.3
